
Microsoft Visual Studio Solution File, Format Version 12.00
# Visual Studio Version 17
VisualStudioVersion = 17.5.33627.172
MinimumVisualStudioVersion = 10.0.40219.1
Project("{9A19103F-16F7-4668-BE54-9A1E7A4F7556}") = "Ex", "Ex\Ex.csproj", "{10A06358-6FBB-4C1B-9163-B7F26BC22BE4}"
EndProject
Global
	GlobalSection(SolutionConfigurationPlatforms) = preSolution
		All|Any CPU = All|Any CPU
		All|x64 = All|x64
		All|x86 = All|x86
		Debug|Any CPU = Debug|Any CPU
		Debug|x64 = Debug|x64
		Debug|x86 = Debug|x86
		Release|Any CPU = Release|Any CPU
		Release|x64 = Release|x64
		Release|x86 = Release|x86
	EndGlobalSection
	GlobalSection(ProjectConfigurationPlatforms) = postSolution
		{10A06358-6FBB-4C1B-9163-B7F26BC22BE4}.All|Any CPU.ActiveCfg = All|Any CPU
		{10A06358-6FBB-4C1B-9163-B7F26BC22BE4}.All|Any CPU.Build.0 = All|Any CPU
		{10A06358-6FBB-4C1B-9163-B7F26BC22BE4}.All|x64.ActiveCfg = All|Any CPU
		{10A06358-6FBB-4C1B-9163-B7F26BC22BE4}.All|x64.Build.0 = All|Any CPU
		{10A06358-6FBB-4C1B-9163-B7F26BC22BE4}.All|x86.ActiveCfg = All|Any CPU
		{10A06358-6FBB-4C1B-9163-B7F26BC22BE4}.All|x86.Build.0 = All|Any CPU
		{10A06358-6FBB-4C1B-9163-B7F26BC22BE4}.Debug|Any CPU.ActiveCfg = Debug|Any CPU
		{10A06358-6FBB-4C1B-9163-B7F26BC22BE4}.Debug|Any CPU.Build.0 = Debug|Any CPU
		{10A06358-6FBB-4C1B-9163-B7F26BC22BE4}.Debug|x64.ActiveCfg = Debug|Any CPU
		{10A06358-6FBB-4C1B-9163-B7F26BC22BE4}.Debug|x64.Build.0 = Debug|Any CPU
		{10A06358-6FBB-4C1B-9163-B7F26BC22BE4}.Debug|x86.ActiveCfg = Debug|Any CPU
		{10A06358-6FBB-4C1B-9163-B7F26BC22BE4}.Debug|x86.Build.0 = Debug|Any CPU
		{10A06358-6FBB-4C1B-9163-B7F26BC22BE4}.Release|Any CPU.ActiveCfg = Release|Any CPU
		{10A06358-6FBB-4C1B-9163-B7F26BC22BE4}.Release|Any CPU.Build.0 = Release|Any CPU
		{10A06358-6FBB-4C1B-9163-B7F26BC22BE4}.Release|x64.ActiveCfg = Release|Any CPU
		{10A06358-6FBB-4C1B-9163-B7F26BC22BE4}.Release|x64.Build.0 = Release|Any CPU
		{10A06358-6FBB-4C1B-9163-B7F26BC22BE4}.Release|x86.ActiveCfg = Release|Any CPU
		{10A06358-6FBB-4C1B-9163-B7F26BC22BE4}.Release|x86.Build.0 = Release|Any CPU
	EndGlobalSection
	GlobalSection(SolutionProperties) = preSolution
		HideSolutionNode = FALSE
	EndGlobalSection
	GlobalSection(ExtensibilityGlobals) = postSolution
		SolutionGuid = {2AD7ADBD-3128-4C32-BE99-613FB5821DE3}
	EndGlobalSection
EndGlobal
